// !$*UTF8*$!
{
	archiveVersion = 1;
	classes = {
	};
	objectVersion = 50;
	objects = {

/* Begin PBXBuildFile section */
		0B2C99CA264076EF00F7A181 /* Colors.xcassets in Resources */ = {isa = PBXBuildFile; fileRef = 0B2C99C9264076EF00F7A181 /* Colors.xcassets */; };
		0B7E0A3423DC4E45006DD3AC /* Assets.xcassets in Resources */ = {isa = PBXBuildFile; fileRef = 0B7E0A3323DC4E45006DD3AC /* Assets.xcassets */; };
		0B7E0A3723DC4E45006DD3AC /* LaunchScreen.storyboard in Resources */ = {isa = PBXBuildFile; fileRef = 0B7E0A3523DC4E45006DD3AC /* LaunchScreen.storyboard */; };
		0B7E0A4223DC4E45006DD3AC /* RickAndMortyTests.swift in Sources */ = {isa = PBXBuildFile; fileRef = 0B7E0A4123DC4E45006DD3AC /* RickAndMortyTests.swift */; };
		0BB9C9B424850F1100EE4B65 /* TabBarIcon.swift in Sources */ = {isa = PBXBuildFile; fileRef = 0BB9C9B324850F1100EE4B65 /* TabBarIcon.swift */; };
		0BBBEDDA2665516B00F1EF34 /* DependenciesResolver.swift in Sources */ = {isa = PBXBuildFile; fileRef = 0BBBEDD92665516B00F1EF34 /* DependenciesResolver.swift */; };
		0BEF1D45251A775000AC73B4 /* MainTabBar.swift in Sources */ = {isa = PBXBuildFile; fileRef = 0BEF1D44251A775000AC73B4 /* MainTabBar.swift */; };
		0BEF1D4B251A7A8D00AC73B4 /* RickAndMortyApp.swift in Sources */ = {isa = PBXBuildFile; fileRef = 0BEF1D4A251A7A8D00AC73B4 /* RickAndMortyApp.swift */; };
/* End PBXBuildFile section */

/* Begin PBXContainerItemProxy section */
		0B7E0A3E23DC4E45006DD3AC /* PBXContainerItemProxy */ = {
			isa = PBXContainerItemProxy;
			containerPortal = 0B7E0A1F23DC4E44006DD3AC /* Project object */;
			proxyType = 1;
			remoteGlobalIDString = 0B7E0A2623DC4E44006DD3AC;
			remoteInfo = RickAndMorty;
		};
/* End PBXContainerItemProxy section */

/* Begin PBXFileReference section */
		0B2C99C9264076EF00F7A181 /* Colors.xcassets */ = {isa = PBXFileReference; lastKnownFileType = folder.assetcatalog; path = Colors.xcassets; sourceTree = "<group>"; };
		0B7E0A2723DC4E44006DD3AC /* RickAndMorty.app */ = {isa = PBXFileReference; explicitFileType = wrapper.application; includeInIndex = 0; path = RickAndMorty.app; sourceTree = BUILT_PRODUCTS_DIR; };
		0B7E0A3323DC4E45006DD3AC /* Assets.xcassets */ = {isa = PBXFileReference; lastKnownFileType = folder.assetcatalog; path = Assets.xcassets; sourceTree = "<group>"; };
		0B7E0A3623DC4E45006DD3AC /* Base */ = {isa = PBXFileReference; lastKnownFileType = file.storyboard; name = Base; path = Base.lproj/LaunchScreen.storyboard; sourceTree = "<group>"; };
		0B7E0A3823DC4E45006DD3AC /* Info.plist */ = {isa = PBXFileReference; lastKnownFileType = text.plist.xml; path = Info.plist; sourceTree = "<group>"; };
		0B7E0A3D23DC4E45006DD3AC /* RickAndMortyTests.xctest */ = {isa = PBXFileReference; explicitFileType = wrapper.cfbundle; includeInIndex = 0; path = RickAndMortyTests.xctest; sourceTree = BUILT_PRODUCTS_DIR; };
		0B7E0A4123DC4E45006DD3AC /* RickAndMortyTests.swift */ = {isa = PBXFileReference; lastKnownFileType = sourcecode.swift; path = RickAndMortyTests.swift; sourceTree = "<group>"; };
		0B7E0A4323DC4E45006DD3AC /* Info.plist */ = {isa = PBXFileReference; lastKnownFileType = text.plist.xml; path = Info.plist; sourceTree = "<group>"; };
		0BB9C9B324850F1100EE4B65 /* TabBarIcon.swift */ = {isa = PBXFileReference; lastKnownFileType = sourcecode.swift; path = TabBarIcon.swift; sourceTree = "<group>"; };
		0BBBEDD92665516B00F1EF34 /* DependenciesResolver.swift */ = {isa = PBXFileReference; lastKnownFileType = sourcecode.swift; path = DependenciesResolver.swift; sourceTree = "<group>"; };
		0BEF1D44251A775000AC73B4 /* MainTabBar.swift */ = {isa = PBXFileReference; lastKnownFileType = sourcecode.swift; path = MainTabBar.swift; sourceTree = "<group>"; };
		0BEF1D4A251A7A8D00AC73B4 /* RickAndMortyApp.swift */ = {isa = PBXFileReference; lastKnownFileType = sourcecode.swift; path = RickAndMortyApp.swift; sourceTree = "<group>"; };
/* End PBXFileReference section */

/* Begin PBXFrameworksBuildPhase section */
		0B7E0A2423DC4E44006DD3AC /* Frameworks */ = {
			isa = PBXFrameworksBuildPhase;
			buildActionMask = 2147483647;
			files = (
			);
			runOnlyForDeploymentPostprocessing = 0;
		};
		0B7E0A3A23DC4E45006DD3AC /* Frameworks */ = {
			isa = PBXFrameworksBuildPhase;
			buildActionMask = 2147483647;
			files = (
			);
			runOnlyForDeploymentPostprocessing = 0;
		};
/* End PBXFrameworksBuildPhase section */

/* Begin PBXGroup section */
		0B32A1C523E6068B006D645F /* Sources */ = {
			isa = PBXGroup;
			children = (
				0BB9C9B224850EFA00EE4B65 /* TabBar */,
				0BEF1D4A251A7A8D00AC73B4 /* RickAndMortyApp.swift */,
				0BBBEDD92665516B00F1EF34 /* DependenciesResolver.swift */,
			);
			path = Sources;
			sourceTree = "<group>";
		};
		0B32A1C723E6069F006D645F /* Resources */ = {
			isa = PBXGroup;
			children = (
				0B7E0A3323DC4E45006DD3AC /* Assets.xcassets */,
				0B2C99C9264076EF00F7A181 /* Colors.xcassets */,
				0B7E0A3523DC4E45006DD3AC /* LaunchScreen.storyboard */,
			);
			path = Resources;
			sourceTree = "<group>";
		};
		0B32A1C823E606AA006D645F /* Support */ = {
			isa = PBXGroup;
			children = (
				0B7E0A3823DC4E45006DD3AC /* Info.plist */,
			);
			path = Support;
			sourceTree = "<group>";
		};
		0B7E0A1E23DC4E44006DD3AC = {
			isa = PBXGroup;
			children = (
				0B7E0A2923DC4E44006DD3AC /* RickAndMorty */,
				0B7E0A4023DC4E45006DD3AC /* RickAndMortyTests */,
				0B7E0A2823DC4E44006DD3AC /* Products */,
				0B7E0A4C23DC4F2F006DD3AC /* Frameworks */,
			);
			sourceTree = "<group>";
		};
		0B7E0A2823DC4E44006DD3AC /* Products */ = {
			isa = PBXGroup;
			children = (
				0B7E0A2723DC4E44006DD3AC /* RickAndMorty.app */,
				0B7E0A3D23DC4E45006DD3AC /* RickAndMortyTests.xctest */,
			);
			name = Products;
			sourceTree = "<group>";
		};
		0B7E0A2923DC4E44006DD3AC /* RickAndMorty */ = {
			isa = PBXGroup;
			children = (
				0B32A1C523E6068B006D645F /* Sources */,
				0B32A1C723E6069F006D645F /* Resources */,
				0B32A1C823E606AA006D645F /* Support */,
			);
			path = RickAndMorty;
			sourceTree = "<group>";
		};
		0B7E0A4023DC4E45006DD3AC /* RickAndMortyTests */ = {
			isa = PBXGroup;
			children = (
				0B7E0A4123DC4E45006DD3AC /* RickAndMortyTests.swift */,
				0B7E0A4323DC4E45006DD3AC /* Info.plist */,
			);
			path = RickAndMortyTests;
			sourceTree = "<group>";
		};
		0B7E0A4C23DC4F2F006DD3AC /* Frameworks */ = {
			isa = PBXGroup;
			children = (
			);
			name = Frameworks;
			sourceTree = "<group>";
		};
		0BB9C9B224850EFA00EE4B65 /* TabBar */ = {
			isa = PBXGroup;
			children = (
				0BB9C9B324850F1100EE4B65 /* TabBarIcon.swift */,
				0BEF1D44251A775000AC73B4 /* MainTabBar.swift */,
			);
			path = TabBar;
			sourceTree = "<group>";
		};
/* End PBXGroup section */

/* Begin PBXNativeTarget section */
		0B7E0A2623DC4E44006DD3AC /* RickAndMorty */ = {
			isa = PBXNativeTarget;
			buildConfigurationList = 0B7E0A4623DC4E45006DD3AC /* Build configuration list for PBXNativeTarget "RickAndMorty" */;
			buildPhases = (
				0B7E0A2323DC4E44006DD3AC /* Sources */,
				0B7E0A2423DC4E44006DD3AC /* Frameworks */,
				0B7E0A2523DC4E44006DD3AC /* Resources */,
			);
			buildRules = (
			);
			dependencies = (
			);
			name = RickAndMorty;
			packageProductDependencies = (
			);
			productName = RickAndMorty;
			productReference = 0B7E0A2723DC4E44006DD3AC /* RickAndMorty.app */;
			productType = "com.apple.product-type.application";
		};
		0B7E0A3C23DC4E45006DD3AC /* RickAndMortyTests */ = {
			isa = PBXNativeTarget;
			buildConfigurationList = 0B7E0A4923DC4E45006DD3AC /* Build configuration list for PBXNativeTarget "RickAndMortyTests" */;
			buildPhases = (
				0B7E0A3923DC4E45006DD3AC /* Sources */,
				0B7E0A3A23DC4E45006DD3AC /* Frameworks */,
				0B7E0A3B23DC4E45006DD3AC /* Resources */,
			);
			buildRules = (
			);
			dependencies = (
				0B7E0A3F23DC4E45006DD3AC /* PBXTargetDependency */,
			);
			name = RickAndMortyTests;
			productName = RickAndMortyTests;
			productReference = 0B7E0A3D23DC4E45006DD3AC /* RickAndMortyTests.xctest */;
			productType = "com.apple.product-type.bundle.unit-test";
		};
/* End PBXNativeTarget section */

/* Begin PBXProject section */
		0B7E0A1F23DC4E44006DD3AC /* Project object */ = {
			isa = PBXProject;
			attributes = {
				LastSwiftUpdateCheck = 1130;
				LastUpgradeCheck = 1200;
				ORGANIZATIONNAME = "Luka Hristic";
				TargetAttributes = {
					0B7E0A2623DC4E44006DD3AC = {
						CreatedOnToolsVersion = 11.3.1;
					};
					0B7E0A3C23DC4E45006DD3AC = {
						CreatedOnToolsVersion = 11.3.1;
						TestTargetID = 0B7E0A2623DC4E44006DD3AC;
					};
				};
			};
			buildConfigurationList = 0B7E0A2223DC4E44006DD3AC /* Build configuration list for PBXProject "RickAndMorty" */;
			compatibilityVersion = "Xcode 9.3";
			developmentRegion = en;
			hasScannedForEncodings = 0;
			knownRegions = (
				en,
				Base,
			);
			mainGroup = 0B7E0A1E23DC4E44006DD3AC;
			productRefGroup = 0B7E0A2823DC4E44006DD3AC /* Products */;
			projectDirPath = "";
			projectRoot = "";
			targets = (
				0B7E0A2623DC4E44006DD3AC /* RickAndMorty */,
				0B7E0A3C23DC4E45006DD3AC /* RickAndMortyTests */,
			);
		};
/* End PBXProject section */

/* Begin PBXResourcesBuildPhase section */
		0B7E0A2523DC4E44006DD3AC /* Resources */ = {
			isa = PBXResourcesBuildPhase;
			buildActionMask = 2147483647;
			files = (
				0B2C99CA264076EF00F7A181 /* Colors.xcassets in Resources */,
				0B7E0A3723DC4E45006DD3AC /* LaunchScreen.storyboard in Resources */,
				0B7E0A3423DC4E45006DD3AC /* Assets.xcassets in Resources */,
			);
			runOnlyForDeploymentPostprocessing = 0;
		};
		0B7E0A3B23DC4E45006DD3AC /* Resources */ = {
			isa = PBXResourcesBuildPhase;
			buildActionMask = 2147483647;
			files = (
			);
			runOnlyForDeploymentPostprocessing = 0;
		};
/* End PBXResourcesBuildPhase section */

/* Begin PBXSourcesBuildPhase section */
		0B7E0A2323DC4E44006DD3AC /* Sources */ = {
			isa = PBXSourcesBuildPhase;
			buildActionMask = 2147483647;
			files = (
				0BEF1D45251A775000AC73B4 /* MainTabBar.swift in Sources */,
				0BEF1D4B251A7A8D00AC73B4 /* RickAndMortyApp.swift in Sources */,
				0BBBEDDA2665516B00F1EF34 /* DependenciesResolver.swift in Sources */,
				0BB9C9B424850F1100EE4B65 /* TabBarIcon.swift in Sources */,
			);
			runOnlyForDeploymentPostprocessing = 0;
		};
		0B7E0A3923DC4E45006DD3AC /* Sources */ = {
			isa = PBXSourcesBuildPhase;
			buildActionMask = 2147483647;
			files = (
				0B7E0A4223DC4E45006DD3AC /* RickAndMortyTests.swift in Sources */,
			);
			runOnlyForDeploymentPostprocessing = 0;
		};
/* End PBXSourcesBuildPhase section */

/* Begin PBXTargetDependency section */
		0B7E0A3F23DC4E45006DD3AC /* PBXTargetDependency */ = {
			isa = PBXTargetDependency;
			target = 0B7E0A2623DC4E44006DD3AC /* RickAndMorty */;
			targetProxy = 0B7E0A3E23DC4E45006DD3AC /* PBXContainerItemProxy */;
		};
/* End PBXTargetDependency section */

/* Begin PBXVariantGroup section */
		0B7E0A3523DC4E45006DD3AC /* LaunchScreen.storyboard */ = {
			isa = PBXVariantGroup;
			children = (
				0B7E0A3623DC4E45006DD3AC /* Base */,
			);
			name = LaunchScreen.storyboard;
			sourceTree = "<group>";
		};
/* End PBXVariantGroup section */

/* Begin XCBuildConfiguration section */
		0B7E0A4423DC4E45006DD3AC /* Debug */ = {
			isa = XCBuildConfiguration;
			buildSettings = {
				ALWAYS_SEARCH_USER_PATHS = NO;
				CLANG_ANALYZER_NONNULL = YES;
				CLANG_ANALYZER_NUMBER_OBJECT_CONVERSION = YES_AGGRESSIVE;
				CLANG_CXX_LANGUAGE_STANDARD = "gnu++14";
				CLANG_CXX_LIBRARY = "libc++";
				CLANG_ENABLE_MODULES = YES;
				CLANG_ENABLE_OBJC_ARC = YES;
				CLANG_ENABLE_OBJC_WEAK = YES;
				CLANG_WARN_BLOCK_CAPTURE_AUTORELEASING = YES;
				CLANG_WARN_BOOL_CONVERSION = YES;
				CLANG_WARN_COMMA = YES;
				CLANG_WARN_CONSTANT_CONVERSION = YES;
				CLANG_WARN_DEPRECATED_OBJC_IMPLEMENTATIONS = YES;
				CLANG_WARN_DIRECT_OBJC_ISA_USAGE = YES_ERROR;
				CLANG_WARN_DOCUMENTATION_COMMENTS = YES;
				CLANG_WARN_EMPTY_BODY = YES;
				CLANG_WARN_ENUM_CONVERSION = YES;
				CLANG_WARN_INFINITE_RECURSION = YES;
				CLANG_WARN_INT_CONVERSION = YES;
				CLANG_WARN_NON_LITERAL_NULL_CONVERSION = YES;
				CLANG_WARN_OBJC_IMPLICIT_RETAIN_SELF = YES;
				CLANG_WARN_OBJC_LITERAL_CONVERSION = YES;
				CLANG_WARN_OBJC_ROOT_CLASS = YES_ERROR;
				CLANG_WARN_QUOTED_INCLUDE_IN_FRAMEWORK_HEADER = YES;
				CLANG_WARN_RANGE_LOOP_ANALYSIS = YES;
				CLANG_WARN_STRICT_PROTOTYPES = YES;
				CLANG_WARN_SUSPICIOUS_MOVE = YES;
				CLANG_WARN_UNGUARDED_AVAILABILITY = YES_AGGRESSIVE;
				CLANG_WARN_UNREACHABLE_CODE = YES;
				CLANG_WARN__DUPLICATE_METHOD_MATCH = YES;
				COPY_PHASE_STRIP = NO;
				DEBUG_INFORMATION_FORMAT = dwarf;
				ENABLE_STRICT_OBJC_MSGSEND = YES;
				ENABLE_TESTABILITY = YES;
				GCC_C_LANGUAGE_STANDARD = gnu11;
				GCC_DYNAMIC_NO_PIC = NO;
				GCC_NO_COMMON_BLOCKS = YES;
				GCC_OPTIMIZATION_LEVEL = 0;
				GCC_PREPROCESSOR_DEFINITIONS = (
					"DEBUG=1",
					"$(inherited)",
				);
				GCC_WARN_64_TO_32_BIT_CONVERSION = YES;
				GCC_WARN_ABOUT_RETURN_TYPE = YES_ERROR;
				GCC_WARN_UNDECLARED_SELECTOR = YES;
				GCC_WARN_UNINITIALIZED_AUTOS = YES_AGGRESSIVE;
				GCC_WARN_UNUSED_FUNCTION = YES;
				GCC_WARN_UNUSED_VARIABLE = YES;
				IPHONEOS_DEPLOYMENT_TARGET = 14.0;
				MTL_ENABLE_DEBUG_INFO = INCLUDE_SOURCE;
				MTL_FAST_MATH = YES;
				ONLY_ACTIVE_ARCH = YES;
				SDKROOT = iphoneos;
				SWIFT_ACTIVE_COMPILATION_CONDITIONS = DEBUG;
				SWIFT_OPTIMIZATION_LEVEL = "-Onone";
			};
			name = Debug;
		};
		0B7E0A4523DC4E45006DD3AC /* Release */ = {
			isa = XCBuildConfiguration;
			buildSettings = {
				ALWAYS_SEARCH_USER_PATHS = NO;
				CLANG_ANALYZER_NONNULL = YES;
				CLANG_ANALYZER_NUMBER_OBJECT_CONVERSION = YES_AGGRESSIVE;
				CLANG_CXX_LANGUAGE_STANDARD = "gnu++14";
				CLANG_CXX_LIBRARY = "libc++";
				CLANG_ENABLE_MODULES = YES;
				CLANG_ENABLE_OBJC_ARC = YES;
				CLANG_ENABLE_OBJC_WEAK = YES;
				CLANG_WARN_BLOCK_CAPTURE_AUTORELEASING = YES;
				CLANG_WARN_BOOL_CONVERSION = YES;
				CLANG_WARN_COMMA = YES;
				CLANG_WARN_CONSTANT_CONVERSION = YES;
				CLANG_WARN_DEPRECATED_OBJC_IMPLEMENTATIONS = YES;
				CLANG_WARN_DIRECT_OBJC_ISA_USAGE = YES_ERROR;
				CLANG_WARN_DOCUMENTATION_COMMENTS = YES;
				CLANG_WARN_EMPTY_BODY = YES;
				CLANG_WARN_ENUM_CONVERSION = YES;
				CLANG_WARN_INFINITE_RECURSION = YES;
				CLANG_WARN_INT_CONVERSION = YES;
				CLANG_WARN_NON_LITERAL_NULL_CONVERSION = YES;
				CLANG_WARN_OBJC_IMPLICIT_RETAIN_SELF = YES;
				CLANG_WARN_OBJC_LITERAL_CONVERSION = YES;
				CLANG_WARN_OBJC_ROOT_CLASS = YES_ERROR;
				CLANG_WARN_QUOTED_INCLUDE_IN_FRAMEWORK_HEADER = YES;
				CLANG_WARN_RANGE_LOOP_ANALYSIS = YES;
				CLANG_WARN_STRICT_PROTOTYPES = YES;
				CLANG_WARN_SUSPICIOUS_MOVE = YES;
				CLANG_WARN_UNGUARDED_AVAILABILITY = YES_AGGRESSIVE;
				CLANG_WARN_UNREACHABLE_CODE = YES;
				CLANG_WARN__DUPLICATE_METHOD_MATCH = YES;
				COPY_PHASE_STRIP = NO;
				DEBUG_INFORMATION_FORMAT = "dwarf-with-dsym";
				ENABLE_NS_ASSERTIONS = NO;
				ENABLE_STRICT_OBJC_MSGSEND = YES;
				GCC_C_LANGUAGE_STANDARD = gnu11;
				GCC_NO_COMMON_BLOCKS = YES;
				GCC_WARN_64_TO_32_BIT_CONVERSION = YES;
				GCC_WARN_ABOUT_RETURN_TYPE = YES_ERROR;
				GCC_WARN_UNDECLARED_SELECTOR = YES;
				GCC_WARN_UNINITIALIZED_AUTOS = YES_AGGRESSIVE;
				GCC_WARN_UNUSED_FUNCTION = YES;
				GCC_WARN_UNUSED_VARIABLE = YES;
				IPHONEOS_DEPLOYMENT_TARGET = 14.0;
				MTL_ENABLE_DEBUG_INFO = NO;
				MTL_FAST_MATH = YES;
				SDKROOT = iphoneos;
				SWIFT_COMPILATION_MODE = wholemodule;
				SWIFT_OPTIMIZATION_LEVEL = "-O";
				VALIDATE_PRODUCT = YES;
			};
			name = Release;
		};
		0B7E0A4723DC4E45006DD3AC /* Debug */ = {
			isa = XCBuildConfiguration;
			buildSettings = {
				ASSETCATALOG_COMPILER_APPICON_NAME = AppIcon;
				CODE_SIGN_STYLE = Automatic;
				INFOPLIST_FILE = RickAndMorty/Support/Info.plist;
				IPHONEOS_DEPLOYMENT_TARGET = 14.0;
				LD_RUNPATH_SEARCH_PATHS = (
					"$(inherited)",
					"@executable_path/Frameworks",
				);
				PRODUCT_BUNDLE_IDENTIFIER = com.hristic.luka.RickAndMorty;
				PRODUCT_NAME = "$(TARGET_NAME)";
				SWIFT_VERSION = 5.0;
				TARGETED_DEVICE_FAMILY = "1,2";
			};
			name = Debug;
		};
		0B7E0A4823DC4E45006DD3AC /* Release */ = {
			isa = XCBuildConfiguration;
			buildSettings = {
				ASSETCATALOG_COMPILER_APPICON_NAME = AppIcon;
				CODE_SIGN_STYLE = Automatic;
				INFOPLIST_FILE = RickAndMorty/Support/Info.plist;
				IPHONEOS_DEPLOYMENT_TARGET = 14.0;
				LD_RUNPATH_SEARCH_PATHS = (
					"$(inherited)",
					"@executable_path/Frameworks",
				);
				PRODUCT_BUNDLE_IDENTIFIER = com.hristic.luka.RickAndMorty;
				PRODUCT_NAME = "$(TARGET_NAME)";
				SWIFT_VERSION = 5.0;
				TARGETED_DEVICE_FAMILY = "1,2";
			};
			name = Release;
		};
		0B7E0A4A23DC4E45006DD3AC /* Debug */ = {
			isa = XCBuildConfiguration;
			buildSettings = {
				ALWAYS_EMBED_SWIFT_STANDARD_LIBRARIES = YES;
				BUNDLE_LOADER = "$(TEST_HOST)";
				CODE_SIGN_STYLE = Automatic;
				INFOPLIST_FILE = RickAndMortyTests/Info.plist;
				IPHONEOS_DEPLOYMENT_TARGET = 13.2;
				LD_RUNPATH_SEARCH_PATHS = (
					"$(inherited)",
					"@executable_path/Frameworks",
					"@loader_path/Frameworks",
				);
				PRODUCT_BUNDLE_IDENTIFIER = com.hristic.luka.RickAndMortyTests;
				PRODUCT_NAME = "$(TARGET_NAME)";
				SWIFT_VERSION = 5.0;
				TARGETED_DEVICE_FAMILY = "1,2";
				TEST_HOST = "$(BUILT_PRODUCTS_DIR)/RickAndMorty.app/RickAndMorty";
			};
			name = Debug;
		};
		0B7E0A4B23DC4E45006DD3AC /* Release */ = {
			isa = XCBuildConfiguration;
			buildSettings = {
				ALWAYS_EMBED_SWIFT_STANDARD_LIBRARIES = YES;
				BUNDLE_LOADER = "$(TEST_HOST)";
				CODE_SIGN_STYLE = Automatic;
				INFOPLIST_FILE = RickAndMortyTests/Info.plist;
				IPHONEOS_DEPLOYMENT_TARGET = 13.2;
				LD_RUNPATH_SEARCH_PATHS = (
					"$(inherited)",
					"@executable_path/Frameworks",
					"@loader_path/Frameworks",
				);
				PRODUCT_BUNDLE_IDENTIFIER = com.hristic.luka.RickAndMortyTests;
				PRODUCT_NAME = "$(TARGET_NAME)";
				SWIFT_VERSION = 5.0;
				TARGETED_DEVICE_FAMILY = "1,2";
				TEST_HOST = "$(BUILT_PRODUCTS_DIR)/RickAndMorty.app/RickAndMorty";
			};
			name = Release;
		};
/* End XCBuildConfiguration section */

/* Begin XCConfigurationList section */
		0B7E0A2223DC4E44006DD3AC /* Build configuration list for PBXProject "RickAndMorty" */ = {
			isa = XCConfigurationList;
			buildConfigurations = (
				0B7E0A4423DC4E45006DD3AC /* Debug */,
				0B7E0A4523DC4E45006DD3AC /* Release */,
			);
			defaultConfigurationIsVisible = 0;
			defaultConfigurationName = Release;
		};
		0B7E0A4623DC4E45006DD3AC /* Build configuration list for PBXNativeTarget "RickAndMorty" */ = {
			isa = XCConfigurationList;
			buildConfigurations = (
				0B7E0A4723DC4E45006DD3AC /* Debug */,
				0B7E0A4823DC4E45006DD3AC /* Release */,
			);
			defaultConfigurationIsVisible = 0;
			defaultConfigurationName = Release;
		};
		0B7E0A4923DC4E45006DD3AC /* Build configuration list for PBXNativeTarget "RickAndMortyTests" */ = {
			isa = XCConfigurationList;
			buildConfigurations = (
				0B7E0A4A23DC4E45006DD3AC /* Debug */,
				0B7E0A4B23DC4E45006DD3AC /* Release */,
			);
			defaultConfigurationIsVisible = 0;
			defaultConfigurationName = Release;
		};
/* End XCConfigurationList section */
	};
	rootObject = 0B7E0A1F23DC4E44006DD3AC /* Project object */;
}
